
Microsoft Visual Studio Solution File, Format Version 12.00
# Visual Studio Version 16
VisualStudioVersion = 16.0.31402.337
MinimumVisualStudioVersion = 10.0.40219.1
Project("{FAE04EC0-301F-11D3-BF4B-00C04F79EFBC}") = "WepZeurver", "WepZeurver\WepZeurver.csproj", "{8891C151-9E36-4DA1-AC51-1DF14F1E75FC}"
EndProject
Project("{FAE04EC0-301F-11D3-BF4B-00C04F79EFBC}") = "Models", "Models\Models.csproj", "{F6399143-005C-46A5-9DF6-B99B4ED73305}"
EndProject
Global
	GlobalSection(SolutionConfigurationPlatforms) = preSolution
		Debug|Any CPU = Debug|Any CPU
		Release|Any CPU = Release|Any CPU
	EndGlobalSection
	GlobalSection(ProjectConfigurationPlatforms) = postSolution
		{8891C151-9E36-4DA1-AC51-1DF14F1E75FC}.Debug|Any CPU.ActiveCfg = Debug|Any CPU
		{8891C151-9E36-4DA1-AC51-1DF14F1E75FC}.Debug|Any CPU.Build.0 = Debug|Any CPU
		{8891C151-9E36-4DA1-AC51-1DF14F1E75FC}.Release|Any CPU.ActiveCfg = Release|Any CPU
		{8891C151-9E36-4DA1-AC51-1DF14F1E75FC}.Release|Any CPU.Build.0 = Release|Any CPU
		{F6399143-005C-46A5-9DF6-B99B4ED73305}.Debug|Any CPU.ActiveCfg = Debug|Any CPU
		{F6399143-005C-46A5-9DF6-B99B4ED73305}.Debug|Any CPU.Build.0 = Debug|Any CPU
		{F6399143-005C-46A5-9DF6-B99B4ED73305}.Release|Any CPU.ActiveCfg = Release|Any CPU
		{F6399143-005C-46A5-9DF6-B99B4ED73305}.Release|Any CPU.Build.0 = Release|Any CPU
	EndGlobalSection
	GlobalSection(SolutionProperties) = preSolution
		HideSolutionNode = FALSE
	EndGlobalSection
	GlobalSection(ExtensibilityGlobals) = postSolution
		SolutionGuid = {6C9D6186-484D-4C78-93C9-0DF407E99CF8}
	EndGlobalSection
EndGlobal
