
Microsoft Visual Studio Solution File, Format Version 12.00
# Visual Studio Version 16
VisualStudioVersion = 16.0.31402.337
MinimumVisualStudioVersion = 10.0.40219.1
Project("{9A19103F-16F7-4668-BE54-9A1E7A4F7556}") = "Rekenen", "Rekenen\Rekenen.csproj", "{67078A03-CAF8-40B0-BA1B-4ACFF9BA5AB3}"
EndProject
Project("{9A19103F-16F7-4668-BE54-9A1E7A4F7556}") = "DeRadio", "DeRadio\DeRadio.csproj", "{24A738C9-D5E9-43C3-B15F-7025ABE5A5C3}"
EndProject
Project("{9A19103F-16F7-4668-BE54-9A1E7A4F7556}") = "WinFormsApp1", "WinFormsApp1\WinFormsApp1.csproj", "{3CA6F3E4-B4BD-4507-8C90-340E064EC9F1}"
EndProject
Project("{FAE04EC0-301F-11D3-BF4B-00C04F79EFBC}") = "EvolutieTheorieDerDelegates", "EvolutieTheorieDerDelegates\EvolutieTheorieDerDelegates.csproj", "{FAFAC9EA-186F-48CA-B359-C18D7492398C}"
EndProject
Project("{FAE04EC0-301F-11D3-BF4B-00C04F79EFBC}") = "LinkeSoep", "LinkeSoep\LinkeSoep.csproj", "{D923C4B3-8805-46A5-97FF-EA0D8D3404D5}"
EndProject
Global
	GlobalSection(SolutionConfigurationPlatforms) = preSolution
		Debug|Any CPU = Debug|Any CPU
		Release|Any CPU = Release|Any CPU
	EndGlobalSection
	GlobalSection(ProjectConfigurationPlatforms) = postSolution
		{67078A03-CAF8-40B0-BA1B-4ACFF9BA5AB3}.Debug|Any CPU.ActiveCfg = Debug|Any CPU
		{67078A03-CAF8-40B0-BA1B-4ACFF9BA5AB3}.Debug|Any CPU.Build.0 = Debug|Any CPU
		{67078A03-CAF8-40B0-BA1B-4ACFF9BA5AB3}.Release|Any CPU.ActiveCfg = Release|Any CPU
		{67078A03-CAF8-40B0-BA1B-4ACFF9BA5AB3}.Release|Any CPU.Build.0 = Release|Any CPU
		{24A738C9-D5E9-43C3-B15F-7025ABE5A5C3}.Debug|Any CPU.ActiveCfg = Debug|Any CPU
		{24A738C9-D5E9-43C3-B15F-7025ABE5A5C3}.Debug|Any CPU.Build.0 = Debug|Any CPU
		{24A738C9-D5E9-43C3-B15F-7025ABE5A5C3}.Release|Any CPU.ActiveCfg = Release|Any CPU
		{24A738C9-D5E9-43C3-B15F-7025ABE5A5C3}.Release|Any CPU.Build.0 = Release|Any CPU
		{3CA6F3E4-B4BD-4507-8C90-340E064EC9F1}.Debug|Any CPU.ActiveCfg = Debug|Any CPU
		{3CA6F3E4-B4BD-4507-8C90-340E064EC9F1}.Debug|Any CPU.Build.0 = Debug|Any CPU
		{3CA6F3E4-B4BD-4507-8C90-340E064EC9F1}.Release|Any CPU.ActiveCfg = Release|Any CPU
		{3CA6F3E4-B4BD-4507-8C90-340E064EC9F1}.Release|Any CPU.Build.0 = Release|Any CPU
		{FAFAC9EA-186F-48CA-B359-C18D7492398C}.Debug|Any CPU.ActiveCfg = Debug|Any CPU
		{FAFAC9EA-186F-48CA-B359-C18D7492398C}.Debug|Any CPU.Build.0 = Debug|Any CPU
		{FAFAC9EA-186F-48CA-B359-C18D7492398C}.Release|Any CPU.ActiveCfg = Release|Any CPU
		{FAFAC9EA-186F-48CA-B359-C18D7492398C}.Release|Any CPU.Build.0 = Release|Any CPU
		{D923C4B3-8805-46A5-97FF-EA0D8D3404D5}.Debug|Any CPU.ActiveCfg = Debug|Any CPU
		{D923C4B3-8805-46A5-97FF-EA0D8D3404D5}.Debug|Any CPU.Build.0 = Debug|Any CPU
		{D923C4B3-8805-46A5-97FF-EA0D8D3404D5}.Release|Any CPU.ActiveCfg = Release|Any CPU
		{D923C4B3-8805-46A5-97FF-EA0D8D3404D5}.Release|Any CPU.Build.0 = Release|Any CPU
	EndGlobalSection
	GlobalSection(SolutionProperties) = preSolution
		HideSolutionNode = FALSE
	EndGlobalSection
	GlobalSection(ExtensibilityGlobals) = postSolution
		SolutionGuid = {601148A7-689F-45FC-BA80-37F19D0E6618}
	EndGlobalSection
EndGlobal
